
Microsoft Visual Studio Solution File, Format Version 12.00
# Visual Studio 2012
Project("{FAE04EC0-301F-11D3-BF4B-00C04F79EFBC}") = "LiveDieRepeat", "LiveDieRepeat\LiveDieRepeat.csproj", "{73BC2F40-4FBA-4D29-9FDE-1E5F0A2270F2}"
EndProject
Project("{FAE04EC0-301F-11D3-BF4B-00C04F79EFBC}") = "ContentPipelineExtensionLibrary", "ContentPipelineExtensionLibrary\ContentPipelineExtensionLibrary.csproj", "{B5D48171-EBFC-4F2C-B04A-4CA57118147B}"
EndProject
Global
	GlobalSection(SolutionConfigurationPlatforms) = preSolution
		Android|Any CPU = Android|Any CPU
		Android|ARM = Android|ARM
		Android|Mixed Platforms = Android|Mixed Platforms
		Android|x64 = Android|x64
		Android|x86 = Android|x86
		Debug|Any CPU = Debug|Any CPU
		Debug|ARM = Debug|ARM
		Debug|Mixed Platforms = Debug|Mixed Platforms
		Debug|x64 = Debug|x64
		Debug|x86 = Debug|x86
		iOS|Any CPU = iOS|Any CPU
		iOS|ARM = iOS|ARM
		iOS|Mixed Platforms = iOS|Mixed Platforms
		iOS|x64 = iOS|x64
		iOS|x86 = iOS|x86
		Linux|Any CPU = Linux|Any CPU
		Linux|ARM = Linux|ARM
		Linux|Mixed Platforms = Linux|Mixed Platforms
		Linux|x64 = Linux|x64
		Linux|x86 = Linux|x86
		OSX|Any CPU = OSX|Any CPU
		OSX|ARM = OSX|ARM
		OSX|Mixed Platforms = OSX|Mixed Platforms
		OSX|x64 = OSX|x64
		OSX|x86 = OSX|x86
		PSM|Any CPU = PSM|Any CPU
		PSM|ARM = PSM|ARM
		PSM|Mixed Platforms = PSM|Mixed Platforms
		PSM|x64 = PSM|x64
		PSM|x86 = PSM|x86
		Release|Any CPU = Release|Any CPU
		Release|ARM = Release|ARM
		Release|Mixed Platforms = Release|Mixed Platforms
		Release|x64 = Release|x64
		Release|x86 = Release|x86
		Windows|Any CPU = Windows|Any CPU
		Windows|ARM = Windows|ARM
		Windows|Mixed Platforms = Windows|Mixed Platforms
		Windows|x64 = Windows|x64
		Windows|x86 = Windows|x86
		Windows8|Any CPU = Windows8|Any CPU
		Windows8|ARM = Windows8|ARM
		Windows8|Mixed Platforms = Windows8|Mixed Platforms
		Windows8|x64 = Windows8|x64
		Windows8|x86 = Windows8|x86
	EndGlobalSection
	GlobalSection(ProjectConfigurationPlatforms) = postSolution
		{73BC2F40-4FBA-4D29-9FDE-1E5F0A2270F2}.Android|Any CPU.ActiveCfg = Release|x86
		{73BC2F40-4FBA-4D29-9FDE-1E5F0A2270F2}.Android|ARM.ActiveCfg = Release|x86
		{73BC2F40-4FBA-4D29-9FDE-1E5F0A2270F2}.Android|Mixed Platforms.ActiveCfg = Release|x86
		{73BC2F40-4FBA-4D29-9FDE-1E5F0A2270F2}.Android|Mixed Platforms.Build.0 = Release|x86
		{73BC2F40-4FBA-4D29-9FDE-1E5F0A2270F2}.Android|x64.ActiveCfg = Release|x86
		{73BC2F40-4FBA-4D29-9FDE-1E5F0A2270F2}.Android|x86.ActiveCfg = Release|x86
		{73BC2F40-4FBA-4D29-9FDE-1E5F0A2270F2}.Android|x86.Build.0 = Release|x86
		{73BC2F40-4FBA-4D29-9FDE-1E5F0A2270F2}.Debug|Any CPU.ActiveCfg = Debug|x86
		{73BC2F40-4FBA-4D29-9FDE-1E5F0A2270F2}.Debug|ARM.ActiveCfg = Debug|x86
		{73BC2F40-4FBA-4D29-9FDE-1E5F0A2270F2}.Debug|Mixed Platforms.ActiveCfg = Debug|x86
		{73BC2F40-4FBA-4D29-9FDE-1E5F0A2270F2}.Debug|Mixed Platforms.Build.0 = Debug|x86
		{73BC2F40-4FBA-4D29-9FDE-1E5F0A2270F2}.Debug|x64.ActiveCfg = Debug|x86
		{73BC2F40-4FBA-4D29-9FDE-1E5F0A2270F2}.Debug|x86.ActiveCfg = Debug|x86
		{73BC2F40-4FBA-4D29-9FDE-1E5F0A2270F2}.Debug|x86.Build.0 = Debug|x86
		{73BC2F40-4FBA-4D29-9FDE-1E5F0A2270F2}.iOS|Any CPU.ActiveCfg = Release|x86
		{73BC2F40-4FBA-4D29-9FDE-1E5F0A2270F2}.iOS|ARM.ActiveCfg = Release|x86
		{73BC2F40-4FBA-4D29-9FDE-1E5F0A2270F2}.iOS|Mixed Platforms.ActiveCfg = Release|x86
		{73BC2F40-4FBA-4D29-9FDE-1E5F0A2270F2}.iOS|Mixed Platforms.Build.0 = Release|x86
		{73BC2F40-4FBA-4D29-9FDE-1E5F0A2270F2}.iOS|x64.ActiveCfg = Release|x86
		{73BC2F40-4FBA-4D29-9FDE-1E5F0A2270F2}.iOS|x86.ActiveCfg = Release|x86
		{73BC2F40-4FBA-4D29-9FDE-1E5F0A2270F2}.iOS|x86.Build.0 = Release|x86
		{73BC2F40-4FBA-4D29-9FDE-1E5F0A2270F2}.Linux|Any CPU.ActiveCfg = Release|x86
		{73BC2F40-4FBA-4D29-9FDE-1E5F0A2270F2}.Linux|ARM.ActiveCfg = Release|x86
		{73BC2F40-4FBA-4D29-9FDE-1E5F0A2270F2}.Linux|Mixed Platforms.ActiveCfg = Release|x86
		{73BC2F40-4FBA-4D29-9FDE-1E5F0A2270F2}.Linux|Mixed Platforms.Build.0 = Release|x86
		{73BC2F40-4FBA-4D29-9FDE-1E5F0A2270F2}.Linux|x64.ActiveCfg = Release|x86
		{73BC2F40-4FBA-4D29-9FDE-1E5F0A2270F2}.Linux|x86.ActiveCfg = Release|x86
		{73BC2F40-4FBA-4D29-9FDE-1E5F0A2270F2}.Linux|x86.Build.0 = Release|x86
		{73BC2F40-4FBA-4D29-9FDE-1E5F0A2270F2}.OSX|Any CPU.ActiveCfg = Release|x86
		{73BC2F40-4FBA-4D29-9FDE-1E5F0A2270F2}.OSX|ARM.ActiveCfg = Release|x86
		{73BC2F40-4FBA-4D29-9FDE-1E5F0A2270F2}.OSX|Mixed Platforms.ActiveCfg = Release|x86
		{73BC2F40-4FBA-4D29-9FDE-1E5F0A2270F2}.OSX|Mixed Platforms.Build.0 = Release|x86
		{73BC2F40-4FBA-4D29-9FDE-1E5F0A2270F2}.OSX|x64.ActiveCfg = Release|x86
		{73BC2F40-4FBA-4D29-9FDE-1E5F0A2270F2}.OSX|x86.ActiveCfg = Release|x86
		{73BC2F40-4FBA-4D29-9FDE-1E5F0A2270F2}.OSX|x86.Build.0 = Release|x86
		{73BC2F40-4FBA-4D29-9FDE-1E5F0A2270F2}.PSM|Any CPU.ActiveCfg = Release|x86
		{73BC2F40-4FBA-4D29-9FDE-1E5F0A2270F2}.PSM|ARM.ActiveCfg = Release|x86
		{73BC2F40-4FBA-4D29-9FDE-1E5F0A2270F2}.PSM|Mixed Platforms.ActiveCfg = Release|x86
		{73BC2F40-4FBA-4D29-9FDE-1E5F0A2270F2}.PSM|Mixed Platforms.Build.0 = Release|x86
		{73BC2F40-4FBA-4D29-9FDE-1E5F0A2270F2}.PSM|x64.ActiveCfg = Release|x86
		{73BC2F40-4FBA-4D29-9FDE-1E5F0A2270F2}.PSM|x86.ActiveCfg = Release|x86
		{73BC2F40-4FBA-4D29-9FDE-1E5F0A2270F2}.PSM|x86.Build.0 = Release|x86
		{73BC2F40-4FBA-4D29-9FDE-1E5F0A2270F2}.Release|Any CPU.ActiveCfg = Release|x86
		{73BC2F40-4FBA-4D29-9FDE-1E5F0A2270F2}.Release|ARM.ActiveCfg = Release|x86
		{73BC2F40-4FBA-4D29-9FDE-1E5F0A2270F2}.Release|Mixed Platforms.ActiveCfg = Release|x86
		{73BC2F40-4FBA-4D29-9FDE-1E5F0A2270F2}.Release|Mixed Platforms.Build.0 = Release|x86
		{73BC2F40-4FBA-4D29-9FDE-1E5F0A2270F2}.Release|x64.ActiveCfg = Release|x86
		{73BC2F40-4FBA-4D29-9FDE-1E5F0A2270F2}.Release|x86.ActiveCfg = Release|x86
		{73BC2F40-4FBA-4D29-9FDE-1E5F0A2270F2}.Release|x86.Build.0 = Release|x86
		{73BC2F40-4FBA-4D29-9FDE-1E5F0A2270F2}.Windows|Any CPU.ActiveCfg = Release|x86
		{73BC2F40-4FBA-4D29-9FDE-1E5F0A2270F2}.Windows|ARM.ActiveCfg = Release|x86
		{73BC2F40-4FBA-4D29-9FDE-1E5F0A2270F2}.Windows|Mixed Platforms.ActiveCfg = Release|x86
		{73BC2F40-4FBA-4D29-9FDE-1E5F0A2270F2}.Windows|Mixed Platforms.Build.0 = Release|x86
		{73BC2F40-4FBA-4D29-9FDE-1E5F0A2270F2}.Windows|x64.ActiveCfg = Release|x86
		{73BC2F40-4FBA-4D29-9FDE-1E5F0A2270F2}.Windows|x86.ActiveCfg = Release|x86
		{73BC2F40-4FBA-4D29-9FDE-1E5F0A2270F2}.Windows|x86.Build.0 = Release|x86
		{73BC2F40-4FBA-4D29-9FDE-1E5F0A2270F2}.Windows8|Any CPU.ActiveCfg = Release|x86
		{73BC2F40-4FBA-4D29-9FDE-1E5F0A2270F2}.Windows8|ARM.ActiveCfg = Release|x86
		{73BC2F40-4FBA-4D29-9FDE-1E5F0A2270F2}.Windows8|Mixed Platforms.ActiveCfg = Release|x86
		{73BC2F40-4FBA-4D29-9FDE-1E5F0A2270F2}.Windows8|Mixed Platforms.Build.0 = Release|x86
		{73BC2F40-4FBA-4D29-9FDE-1E5F0A2270F2}.Windows8|x64.ActiveCfg = Release|x86
		{73BC2F40-4FBA-4D29-9FDE-1E5F0A2270F2}.Windows8|x86.ActiveCfg = Release|x86
		{73BC2F40-4FBA-4D29-9FDE-1E5F0A2270F2}.Windows8|x86.Build.0 = Release|x86
		{B5D48171-EBFC-4F2C-B04A-4CA57118147B}.Android|Any CPU.ActiveCfg = Release|Any CPU
		{B5D48171-EBFC-4F2C-B04A-4CA57118147B}.Android|Any CPU.Build.0 = Release|Any CPU
		{B5D48171-EBFC-4F2C-B04A-4CA57118147B}.Android|ARM.ActiveCfg = Release|Any CPU
		{B5D48171-EBFC-4F2C-B04A-4CA57118147B}.Android|Mixed Platforms.ActiveCfg = Release|Any CPU
		{B5D48171-EBFC-4F2C-B04A-4CA57118147B}.Android|Mixed Platforms.Build.0 = Release|Any CPU
		{B5D48171-EBFC-4F2C-B04A-4CA57118147B}.Android|x64.ActiveCfg = Release|Any CPU
		{B5D48171-EBFC-4F2C-B04A-4CA57118147B}.Android|x86.ActiveCfg = Release|Any CPU
		{B5D48171-EBFC-4F2C-B04A-4CA57118147B}.Debug|Any CPU.ActiveCfg = Debug|Any CPU
		{B5D48171-EBFC-4F2C-B04A-4CA57118147B}.Debug|Any CPU.Build.0 = Debug|Any CPU
		{B5D48171-EBFC-4F2C-B04A-4CA57118147B}.Debug|ARM.ActiveCfg = Debug|Any CPU
		{B5D48171-EBFC-4F2C-B04A-4CA57118147B}.Debug|Mixed Platforms.ActiveCfg = Debug|Any CPU
		{B5D48171-EBFC-4F2C-B04A-4CA57118147B}.Debug|Mixed Platforms.Build.0 = Debug|Any CPU
		{B5D48171-EBFC-4F2C-B04A-4CA57118147B}.Debug|x64.ActiveCfg = Debug|Any CPU
		{B5D48171-EBFC-4F2C-B04A-4CA57118147B}.Debug|x86.ActiveCfg = Debug|Any CPU
		{B5D48171-EBFC-4F2C-B04A-4CA57118147B}.iOS|Any CPU.ActiveCfg = Release|Any CPU
		{B5D48171-EBFC-4F2C-B04A-4CA57118147B}.iOS|Any CPU.Build.0 = Release|Any CPU
		{B5D48171-EBFC-4F2C-B04A-4CA57118147B}.iOS|ARM.ActiveCfg = Release|Any CPU
		{B5D48171-EBFC-4F2C-B04A-4CA57118147B}.iOS|Mixed Platforms.ActiveCfg = Release|Any CPU
		{B5D48171-EBFC-4F2C-B04A-4CA57118147B}.iOS|Mixed Platforms.Build.0 = Release|Any CPU
		{B5D48171-EBFC-4F2C-B04A-4CA57118147B}.iOS|x64.ActiveCfg = Release|Any CPU
		{B5D48171-EBFC-4F2C-B04A-4CA57118147B}.iOS|x86.ActiveCfg = Release|Any CPU
		{B5D48171-EBFC-4F2C-B04A-4CA57118147B}.Linux|Any CPU.ActiveCfg = Release|Any CPU
		{B5D48171-EBFC-4F2C-B04A-4CA57118147B}.Linux|Any CPU.Build.0 = Release|Any CPU
		{B5D48171-EBFC-4F2C-B04A-4CA57118147B}.Linux|ARM.ActiveCfg = Release|Any CPU
		{B5D48171-EBFC-4F2C-B04A-4CA57118147B}.Linux|Mixed Platforms.ActiveCfg = Release|Any CPU
		{B5D48171-EBFC-4F2C-B04A-4CA57118147B}.Linux|Mixed Platforms.Build.0 = Release|Any CPU
		{B5D48171-EBFC-4F2C-B04A-4CA57118147B}.Linux|x64.ActiveCfg = Release|Any CPU
		{B5D48171-EBFC-4F2C-B04A-4CA57118147B}.Linux|x86.ActiveCfg = Release|Any CPU
		{B5D48171-EBFC-4F2C-B04A-4CA57118147B}.OSX|Any CPU.ActiveCfg = Release|Any CPU
		{B5D48171-EBFC-4F2C-B04A-4CA57118147B}.OSX|Any CPU.Build.0 = Release|Any CPU
		{B5D48171-EBFC-4F2C-B04A-4CA57118147B}.OSX|ARM.ActiveCfg = Release|Any CPU
		{B5D48171-EBFC-4F2C-B04A-4CA57118147B}.OSX|Mixed Platforms.ActiveCfg = Release|Any CPU
		{B5D48171-EBFC-4F2C-B04A-4CA57118147B}.OSX|Mixed Platforms.Build.0 = Release|Any CPU
		{B5D48171-EBFC-4F2C-B04A-4CA57118147B}.OSX|x64.ActiveCfg = Release|Any CPU
		{B5D48171-EBFC-4F2C-B04A-4CA57118147B}.OSX|x86.ActiveCfg = Release|Any CPU
		{B5D48171-EBFC-4F2C-B04A-4CA57118147B}.PSM|Any CPU.ActiveCfg = Release|Any CPU
		{B5D48171-EBFC-4F2C-B04A-4CA57118147B}.PSM|Any CPU.Build.0 = Release|Any CPU
		{B5D48171-EBFC-4F2C-B04A-4CA57118147B}.PSM|ARM.ActiveCfg = Release|Any CPU
		{B5D48171-EBFC-4F2C-B04A-4CA57118147B}.PSM|Mixed Platforms.ActiveCfg = Release|Any CPU
		{B5D48171-EBFC-4F2C-B04A-4CA57118147B}.PSM|Mixed Platforms.Build.0 = Release|Any CPU
		{B5D48171-EBFC-4F2C-B04A-4CA57118147B}.PSM|x64.ActiveCfg = Release|Any CPU
		{B5D48171-EBFC-4F2C-B04A-4CA57118147B}.PSM|x86.ActiveCfg = Release|Any CPU
		{B5D48171-EBFC-4F2C-B04A-4CA57118147B}.Release|Any CPU.ActiveCfg = Release|Any CPU
		{B5D48171-EBFC-4F2C-B04A-4CA57118147B}.Release|Any CPU.Build.0 = Release|Any CPU
		{B5D48171-EBFC-4F2C-B04A-4CA57118147B}.Release|ARM.ActiveCfg = Release|Any CPU
		{B5D48171-EBFC-4F2C-B04A-4CA57118147B}.Release|Mixed Platforms.ActiveCfg = Release|Any CPU
		{B5D48171-EBFC-4F2C-B04A-4CA57118147B}.Release|Mixed Platforms.Build.0 = Release|Any CPU
		{B5D48171-EBFC-4F2C-B04A-4CA57118147B}.Release|x64.ActiveCfg = Release|Any CPU
		{B5D48171-EBFC-4F2C-B04A-4CA57118147B}.Release|x86.ActiveCfg = Release|Any CPU
		{B5D48171-EBFC-4F2C-B04A-4CA57118147B}.Windows|Any CPU.ActiveCfg = Release|Any CPU
		{B5D48171-EBFC-4F2C-B04A-4CA57118147B}.Windows|Any CPU.Build.0 = Release|Any CPU
		{B5D48171-EBFC-4F2C-B04A-4CA57118147B}.Windows|ARM.ActiveCfg = Release|Any CPU
		{B5D48171-EBFC-4F2C-B04A-4CA57118147B}.Windows|Mixed Platforms.ActiveCfg = Release|Any CPU
		{B5D48171-EBFC-4F2C-B04A-4CA57118147B}.Windows|Mixed Platforms.Build.0 = Release|Any CPU
		{B5D48171-EBFC-4F2C-B04A-4CA57118147B}.Windows|x64.ActiveCfg = Release|Any CPU
		{B5D48171-EBFC-4F2C-B04A-4CA57118147B}.Windows|x86.ActiveCfg = Release|Any CPU
		{B5D48171-EBFC-4F2C-B04A-4CA57118147B}.Windows8|Any CPU.ActiveCfg = Release|Any CPU
		{B5D48171-EBFC-4F2C-B04A-4CA57118147B}.Windows8|Any CPU.Build.0 = Release|Any CPU
		{B5D48171-EBFC-4F2C-B04A-4CA57118147B}.Windows8|ARM.ActiveCfg = Release|Any CPU
		{B5D48171-EBFC-4F2C-B04A-4CA57118147B}.Windows8|Mixed Platforms.ActiveCfg = Release|Any CPU
		{B5D48171-EBFC-4F2C-B04A-4CA57118147B}.Windows8|Mixed Platforms.Build.0 = Release|Any CPU
		{B5D48171-EBFC-4F2C-B04A-4CA57118147B}.Windows8|x64.ActiveCfg = Release|Any CPU
		{B5D48171-EBFC-4F2C-B04A-4CA57118147B}.Windows8|x86.ActiveCfg = Release|Any CPU
	EndGlobalSection
	GlobalSection(SolutionProperties) = preSolution
		HideSolutionNode = FALSE
	EndGlobalSection
EndGlobal
