
Microsoft Visual Studio Solution File, Format Version 12.00
# Visual Studio Version 16
VisualStudioVersion = 16.0.29920.165
MinimumVisualStudioVersion = 10.0.40219.1
Project("{9A19103F-16F7-4668-BE54-9A1E7A4F7556}") = "LiveDieRepeat", "LiveDieRepeat\LiveDieRepeat.csproj", "{7DF27A06-CEF2-4EFB-A9F2-69D10D135C32}"
EndProject
Global
	GlobalSection(SolutionConfigurationPlatforms) = preSolution
		Debug|Any CPU = Debug|Any CPU
		Release|Any CPU = Release|Any CPU
	EndGlobalSection
	GlobalSection(ProjectConfigurationPlatforms) = postSolution
		{7DF27A06-CEF2-4EFB-A9F2-69D10D135C32}.Debug|Any CPU.ActiveCfg = Debug|Any CPU
		{7DF27A06-CEF2-4EFB-A9F2-69D10D135C32}.Debug|Any CPU.Build.0 = Debug|Any CPU
		{7DF27A06-CEF2-4EFB-A9F2-69D10D135C32}.Release|Any CPU.ActiveCfg = Release|Any CPU
		{7DF27A06-CEF2-4EFB-A9F2-69D10D135C32}.Release|Any CPU.Build.0 = Release|Any CPU
	EndGlobalSection
	GlobalSection(SolutionProperties) = preSolution
		HideSolutionNode = FALSE
	EndGlobalSection
	GlobalSection(ExtensibilityGlobals) = postSolution
		SolutionGuid = {558AC64E-C890-4928-BC89-77008EE69F4A}
	EndGlobalSection
EndGlobal
